
Microsoft Visual Studio Solution File, Format Version 12.00
# Visual Studio Version 17
VisualStudioVersion = 17.14.36705.20
MinimumVisualStudioVersion = 10.0.40219.1
Project("{FAE04EC0-301F-11D3-BF4B-00C04F79EFBC}") = "StudentPortal.web", "StudentPortal.web\StudentPortal.web.csproj", "{9CB50204-CA83-45E6-864E-CE16CB56BAC0}"
EndProject
Global
	GlobalSection(SolutionConfigurationPlatforms) = preSolution
		Debug|Any CPU = Debug|Any CPU
		Release|Any CPU = Release|Any CPU
	EndGlobalSection
	GlobalSection(ProjectConfigurationPlatforms) = postSolution
		{9CB50204-CA83-45E6-864E-CE16CB56BAC0}.Debug|Any CPU.ActiveCfg = Debug|Any CPU
		{9CB50204-CA83-45E6-864E-CE16CB56BAC0}.Debug|Any CPU.Build.0 = Debug|Any CPU
		{9CB50204-CA83-45E6-864E-CE16CB56BAC0}.Release|Any CPU.ActiveCfg = Release|Any CPU
		{9CB50204-CA83-45E6-864E-CE16CB56BAC0}.Release|Any CPU.Build.0 = Release|Any CPU
	EndGlobalSection
	GlobalSection(SolutionProperties) = preSolution
		HideSolutionNode = FALSE
	EndGlobalSection
	GlobalSection(ExtensibilityGlobals) = postSolution
		SolutionGuid = {7EA0512B-CCF7-421B-BC5A-1E6712D86436}
	EndGlobalSection
EndGlobal
